
Microsoft Visual Studio Solution File, Format Version 12.00
# Visual Studio Version 17
VisualStudioVersion = 17.0.32014.148
MinimumVisualStudioVersion = 10.0.40219.1
Project("{FAE04EC0-301F-11D3-BF4B-00C04F79EFBC}") = "ConsoleApp", "ConsoleApp.csproj", "{CEEA6ADD-162A-49DC-9674-DA38794AB27D}"
EndProject
Project("{FAE04EC0-301F-11D3-BF4B-00C04F79EFBC}") = "LearnRepository", "..\LearnRepository\LearnRepository.csproj", "{DEDEB100-7303-4F23-9299-CD353CF85BEE}"
EndProject
Project("{FAE04EC0-301F-11D3-BF4B-00C04F79EFBC}") = "Models", "..\Models\Models.csproj", "{3BB79D46-3268-41D8-8B52-2DAA02599C06}"
EndProject
Global
	GlobalSection(SolutionConfigurationPlatforms) = preSolution
		Debug|Any CPU = Debug|Any CPU
		Release|Any CPU = Release|Any CPU
	EndGlobalSection
	GlobalSection(ProjectConfigurationPlatforms) = postSolution
		{CEEA6ADD-162A-49DC-9674-DA38794AB27D}.Debug|Any CPU.ActiveCfg = Debug|Any CPU
		{CEEA6ADD-162A-49DC-9674-DA38794AB27D}.Debug|Any CPU.Build.0 = Debug|Any CPU
		{CEEA6ADD-162A-49DC-9674-DA38794AB27D}.Release|Any CPU.ActiveCfg = Release|Any CPU
		{CEEA6ADD-162A-49DC-9674-DA38794AB27D}.Release|Any CPU.Build.0 = Release|Any CPU
		{DEDEB100-7303-4F23-9299-CD353CF85BEE}.Debug|Any CPU.ActiveCfg = Debug|Any CPU
		{DEDEB100-7303-4F23-9299-CD353CF85BEE}.Debug|Any CPU.Build.0 = Debug|Any CPU
		{DEDEB100-7303-4F23-9299-CD353CF85BEE}.Release|Any CPU.ActiveCfg = Release|Any CPU
		{DEDEB100-7303-4F23-9299-CD353CF85BEE}.Release|Any CPU.Build.0 = Release|Any CPU
		{3BB79D46-3268-41D8-8B52-2DAA02599C06}.Debug|Any CPU.ActiveCfg = Debug|Any CPU
		{3BB79D46-3268-41D8-8B52-2DAA02599C06}.Debug|Any CPU.Build.0 = Debug|Any CPU
		{3BB79D46-3268-41D8-8B52-2DAA02599C06}.Release|Any CPU.ActiveCfg = Release|Any CPU
		{3BB79D46-3268-41D8-8B52-2DAA02599C06}.Release|Any CPU.Build.0 = Release|Any CPU
	EndGlobalSection
	GlobalSection(SolutionProperties) = preSolution
		HideSolutionNode = FALSE
	EndGlobalSection
	GlobalSection(ExtensibilityGlobals) = postSolution
		SolutionGuid = {43A26543-9745-4A35-92AC-5751ACD97210}
	EndGlobalSection
EndGlobal
